
Microsoft Visual Studio Solution File, Format Version 12.00
# Visual Studio Version 17
VisualStudioVersion = 17.1.32210.238
MinimumVisualStudioVersion = 10.0.40219.1
Project("{FAE04EC0-301F-11D3-BF4B-00C04F79EFBC}") = "HomeNet", "HomeNet\HomeNet.csproj", "{5219F6D7-36FA-4405-B598-220E896274AD}"
EndProject
Global
	GlobalSection(SolutionConfigurationPlatforms) = preSolution
		Debug|Any CPU = Debug|Any CPU
		Release|Any CPU = Release|Any CPU
	EndGlobalSection
	GlobalSection(ProjectConfigurationPlatforms) = postSolution
		{5219F6D7-36FA-4405-B598-220E896274AD}.Debug|Any CPU.ActiveCfg = Debug|Any CPU
		{5219F6D7-36FA-4405-B598-220E896274AD}.Debug|Any CPU.Build.0 = Debug|Any CPU
		{5219F6D7-36FA-4405-B598-220E896274AD}.Release|Any CPU.ActiveCfg = Release|Any CPU
		{5219F6D7-36FA-4405-B598-220E896274AD}.Release|Any CPU.Build.0 = Release|Any CPU
	EndGlobalSection
	GlobalSection(SolutionProperties) = preSolution
		HideSolutionNode = FALSE
	EndGlobalSection
	GlobalSection(ExtensibilityGlobals) = postSolution
		SolutionGuid = {FFDC05B6-5EDB-46ED-8D3F-7AC901785C93}
	EndGlobalSection
EndGlobal
